# Frozen Phase 0 OTRF APT29 incident artifacts
OTRF_SECURITY_DATASETS_COMMIT=d9d40ef123d2c87d5d3df28c96bcab4f0faccc87
apt29_evals_day1_manual.zip 98a073140860560d70080ace9142961be4f64b4862bae892d62d0f254d0fdbe5
apt29_evals_day2_manual.zip 377f8cba5db95a453a3ee8bd19f493efafc23724541482a4da99da28ee4665f9
evtx/sample.evtx 897206ca4c3c427753fde880970048494cd5a99be9aaba6154b4e3ac499e24c9
# MITRE's APT29 Evals Round 2 emulation plan — the attacker's own step-by-step
# script. Scaffolding for authoring the Phase 1a causal key, and the reference
# for the separate ATT&CK-recall metric. NOT itself a causal-edge key.
apt29_emulationplan.xlsx 053e70c6ba95eac481b370f8b1545ec3f1f00306c828634741a8c7399719c228
# Downstream code parses the EXTRACTED JSON, not the verified ZIP bytes. Pin the
# extracted artifacts too, or a truncated/edited tree passes an existence check.
apt29/day1/apt29_evals_day1_manual_2020-05-01225525.json dce651806007a20f6f4bac806dd6054e3361e0dd57a74ddd2f7cb5665d98c954
apt29/day2/apt29_evals_day2_manual_2020-05-02035409.json fd4043c9ad2382f57da882476acb541332d2d19b60ad538572a8d4a070d59a89
# This 4.9GB GGUF is loaded and executed by Ollama, but was fetched with TLS-only
# integrity while much smaller evaluation archives were digest-pinned; pin it too.
models/foundation-sec-8b-q4km.gguf 7a61e41b1ca1b339d41caf3001ea7832469d866e7c52a23980a1e95cbf5cd58b
# Hayabusa release binary. Downloaded, extracted and EXECUTED by
# scripts/setup_toolchain.sh, so an unverified archive here is arbitrary code
# execution on anyone who follows the documented install path.
#
# PROVENANCE, stated plainly: Yamato-Security publishes no checksum file with
# this release, so this digest is trust-on-first-use - recorded from the archive
# this project actually downloaded and ran, on 2026-08-02. It proves the bytes
# have not changed since then. It does NOT prove they were the vendor's intended
# bytes at that moment. That is weaker than the OTRF pins above, which came with
# published digests, and the difference is real rather than cosmetic.
hayabusa-3.10.0-mac-aarch64.zip b6c79d1983f3007f2f71c6794cfd856a16ffd00ea22fe643000193ce6ff3bf85
